{
  "name": "express-gateway-plugin-encrypted-path",
  "version": "1.1.0",
  "lockfileVersion": 1,
  "requires": true,
  "dependencies": {
    "array-buffer-to-hex": {
      "version": "1.0.0",
      "resolved": "https://registry.npmjs.org/array-buffer-to-hex/-/array-buffer-to-hex-1.0.0.tgz",
      "integrity": "sha512-arycdkxgK1cj6s03GDb96tlCxOl1n3kg9M2OHseUc6Pqyqp+lgfceFPmG507eI5V+oxOSEnlOw/dFc7LXBXF4Q=="
    },
    "egoroof-blowfish": {
      "version": "2.2.1",
      "resolved": "https://registry.npmjs.org/egoroof-blowfish/-/egoroof-blowfish-2.2.1.tgz",
      "integrity": "sha512-wHUbhB7X3fd/bLXExDe+sfMjZh0rDIAfSGoBjaAKXmK3k9B6dHqKtlURlJvC+K/L54arMPgEEBAm+ousnEUrLQ=="
    },
    "hex-to-array-buffer": {
      "version": "1.1.0",
      "resolved": "https://registry.npmjs.org/hex-to-array-buffer/-/hex-to-array-buffer-1.1.0.tgz",
      "integrity": "sha512-vvl3IM8FfT1uOnHtEqyjkDK9Luqz6MQrH82qIvVnjyXxRhkeaEZyRRPiBgf2yym3nweRVEfayxt/1SoTXZYd4Q=="
    },
    "path-to-regexp": {
      "version": "8.0.0",
      "resolved": "https://registry.npmjs.org/path-to-regexp/-/path-to-regexp-8.0.0.tgz",
      "integrity": "sha512-GAWaqWlTjYK/7SVpIUA6CTxmcg65SP30sbjdCvyYReosRkk7Z/LyHWwkK3Vu0FcIi0FNTADUs4eh1AsU5s10cg=="
    }
  }
}
